
Microsoft Visual Studio Solution File, Format Version 12.00
# Visual Studio 15
VisualStudioVersion = 15.0.27703.2035
MinimumVisualStudioVersion = 10.0.40219.1
Project("{151D2E53-A2C4-4D7D-83FE-D05416EBD58E}") = "WebTemplate", "WebTemplate\WebTemplate.deployproj", "{5435AF1C-D529-448E-AFCE-7008A3EC01B3}"
EndProject
Project("{FAE04EC0-301F-11D3-BF4B-00C04F79EFBC}") = "WebApp", "WebApp\WebApp.csproj", "{D687E07D-847D-440B-B023-73F0FABD1974}"
EndProject
Global
	GlobalSection(SolutionConfigurationPlatforms) = preSolution
		Debug|Any CPU = Debug|Any CPU
		Release|Any CPU = Release|Any CPU
	EndGlobalSection
	GlobalSection(ProjectConfigurationPlatforms) = postSolution
		{5435AF1C-D529-448E-AFCE-7008A3EC01B3}.Debug|Any CPU.ActiveCfg = Debug|Any CPU
		{5435AF1C-D529-448E-AFCE-7008A3EC01B3}.Debug|Any CPU.Build.0 = Debug|Any CPU
		{5435AF1C-D529-448E-AFCE-7008A3EC01B3}.Release|Any CPU.ActiveCfg = Release|Any CPU
		{5435AF1C-D529-448E-AFCE-7008A3EC01B3}.Release|Any CPU.Build.0 = Release|Any CPU
		{D687E07D-847D-440B-B023-73F0FABD1974}.Debug|Any CPU.ActiveCfg = Debug|Any CPU
		{D687E07D-847D-440B-B023-73F0FABD1974}.Debug|Any CPU.Build.0 = Debug|Any CPU
		{D687E07D-847D-440B-B023-73F0FABD1974}.Release|Any CPU.ActiveCfg = Release|Any CPU
		{D687E07D-847D-440B-B023-73F0FABD1974}.Release|Any CPU.Build.0 = Release|Any CPU
	EndGlobalSection
	GlobalSection(SolutionProperties) = preSolution
		HideSolutionNode = FALSE
	EndGlobalSection
	GlobalSection(ExtensibilityGlobals) = postSolution
		SolutionGuid = {DB518049-016D-44E7-89FA-9B3C633F3A38}
	EndGlobalSection
EndGlobal
